
Microsoft Visual Studio Solution File, Format Version 12.00
# Visual Studio Version 17
VisualStudioVersion = 17.6.33815.320
MinimumVisualStudioVersion = 10.0.40219.1
Project("{FAE04EC0-301F-11D3-BF4B-00C04F79EFBC}") = "RentACar.BusinessLayer", "RentACar.BusinessLayer\RentACar.BusinessLayer.csproj", "{4E78D7D0-79E6-4DC6-8F49-8CEE87E8FEE7}"
EndProject
Project("{FAE04EC0-301F-11D3-BF4B-00C04F79EFBC}") = "RentACar.DataAccessLayer", "RentACar.DataAccessLayer\RentACar.DataAccessLayer.csproj", "{9C4A665C-1AC4-48E2-A267-9B091713B4D2}"
EndProject
Project("{FAE04EC0-301F-11D3-BF4B-00C04F79EFBC}") = "RentACar.Model", "RentACar.Model\RentACar.Model.csproj", "{FE5F501B-2212-4538-ADC2-DE332D87939C}"
EndProject
Project("{FAE04EC0-301F-11D3-BF4B-00C04F79EFBC}") = "RentACar.API", "RentACar.API\RentACar.API.csproj", "{2D83FB53-4587-4604-ABB3-ABF9EB47C452}"
EndProject
Project("{FAE04EC0-301F-11D3-BF4B-00C04F79EFBC}") = "Generic_Infrastructure", "Generic_Infrastructure\Generic_Infrastructure.csproj", "{D5891D9C-5E44-4CFC-8714-B701120E2590}"
EndProject
Global
	GlobalSection(SolutionConfigurationPlatforms) = preSolution
		Debug|Any CPU = Debug|Any CPU
		Release|Any CPU = Release|Any CPU
	EndGlobalSection
	GlobalSection(ProjectConfigurationPlatforms) = postSolution
		{4E78D7D0-79E6-4DC6-8F49-8CEE87E8FEE7}.Debug|Any CPU.ActiveCfg = Debug|Any CPU
		{4E78D7D0-79E6-4DC6-8F49-8CEE87E8FEE7}.Debug|Any CPU.Build.0 = Debug|Any CPU
		{4E78D7D0-79E6-4DC6-8F49-8CEE87E8FEE7}.Release|Any CPU.ActiveCfg = Release|Any CPU
		{4E78D7D0-79E6-4DC6-8F49-8CEE87E8FEE7}.Release|Any CPU.Build.0 = Release|Any CPU
		{9C4A665C-1AC4-48E2-A267-9B091713B4D2}.Debug|Any CPU.ActiveCfg = Debug|Any CPU
		{9C4A665C-1AC4-48E2-A267-9B091713B4D2}.Debug|Any CPU.Build.0 = Debug|Any CPU
		{9C4A665C-1AC4-48E2-A267-9B091713B4D2}.Release|Any CPU.ActiveCfg = Release|Any CPU
		{9C4A665C-1AC4-48E2-A267-9B091713B4D2}.Release|Any CPU.Build.0 = Release|Any CPU
		{FE5F501B-2212-4538-ADC2-DE332D87939C}.Debug|Any CPU.ActiveCfg = Debug|Any CPU
		{FE5F501B-2212-4538-ADC2-DE332D87939C}.Debug|Any CPU.Build.0 = Debug|Any CPU
		{FE5F501B-2212-4538-ADC2-DE332D87939C}.Release|Any CPU.ActiveCfg = Release|Any CPU
		{FE5F501B-2212-4538-ADC2-DE332D87939C}.Release|Any CPU.Build.0 = Release|Any CPU
		{2D83FB53-4587-4604-ABB3-ABF9EB47C452}.Debug|Any CPU.ActiveCfg = Debug|Any CPU
		{2D83FB53-4587-4604-ABB3-ABF9EB47C452}.Debug|Any CPU.Build.0 = Debug|Any CPU
		{2D83FB53-4587-4604-ABB3-ABF9EB47C452}.Release|Any CPU.ActiveCfg = Release|Any CPU
		{2D83FB53-4587-4604-ABB3-ABF9EB47C452}.Release|Any CPU.Build.0 = Release|Any CPU
		{D5891D9C-5E44-4CFC-8714-B701120E2590}.Debug|Any CPU.ActiveCfg = Debug|Any CPU
		{D5891D9C-5E44-4CFC-8714-B701120E2590}.Debug|Any CPU.Build.0 = Debug|Any CPU
		{D5891D9C-5E44-4CFC-8714-B701120E2590}.Release|Any CPU.ActiveCfg = Release|Any CPU
		{D5891D9C-5E44-4CFC-8714-B701120E2590}.Release|Any CPU.Build.0 = Release|Any CPU
	EndGlobalSection
	GlobalSection(SolutionProperties) = preSolution
		HideSolutionNode = FALSE
	EndGlobalSection
	GlobalSection(ExtensibilityGlobals) = postSolution
		SolutionGuid = {6798A952-A060-4030-9D9C-6D784D5526DF}
	EndGlobalSection
EndGlobal
