
Microsoft Visual Studio Solution File, Format Version 12.00
# Visual Studio Version 17
VisualStudioVersion = 17.6.33815.320
MinimumVisualStudioVersion = 10.0.40219.1
Project("{FAE04EC0-301F-11D3-BF4B-00C04F79EFBC}") = "RentACar_MVC_UI", "RentACar_MVC_UI\RentACar_MVC_UI.csproj", "{2E17CE14-D487-425A-BF4D-8838EECFCE43}"
EndProject
Global
	GlobalSection(SolutionConfigurationPlatforms) = preSolution
		Debug|Any CPU = Debug|Any CPU
		Release|Any CPU = Release|Any CPU
	EndGlobalSection
	GlobalSection(ProjectConfigurationPlatforms) = postSolution
		{2E17CE14-D487-425A-BF4D-8838EECFCE43}.Debug|Any CPU.ActiveCfg = Debug|Any CPU
		{2E17CE14-D487-425A-BF4D-8838EECFCE43}.Debug|Any CPU.Build.0 = Debug|Any CPU
		{2E17CE14-D487-425A-BF4D-8838EECFCE43}.Release|Any CPU.ActiveCfg = Release|Any CPU
		{2E17CE14-D487-425A-BF4D-8838EECFCE43}.Release|Any CPU.Build.0 = Release|Any CPU
	EndGlobalSection
	GlobalSection(SolutionProperties) = preSolution
		HideSolutionNode = FALSE
	EndGlobalSection
	GlobalSection(ExtensibilityGlobals) = postSolution
		SolutionGuid = {DFF614E6-8F2D-4122-AFA7-1EA920852595}
	EndGlobalSection
EndGlobal
